
Microsoft Visual Studio Solution File, Format Version 12.00
# Visual Studio Version 17
VisualStudioVersion = 17.14.36327.8
MinimumVisualStudioVersion = 10.0.40219.1
Project("{FAE04EC0-301F-11D3-BF4B-00C04F79EFBC}") = "GenericDemo", "GenericDemo\GenericDemo.csproj", "{1F0E34BE-3EF5-437D-B765-259B8EB00F1E}"
EndProject
Project("{FAE04EC0-301F-11D3-BF4B-00C04F79EFBC}") = "GenericDemoTest", "GenericDemoTest\GenericDemoTest.csproj", "{E27A1624-9F1F-4450-BB2D-16376B51FB26}"
EndProject
Global
	GlobalSection(SolutionConfigurationPlatforms) = preSolution
		Debug|Any CPU = Debug|Any CPU
		Release|Any CPU = Release|Any CPU
	EndGlobalSection
	GlobalSection(ProjectConfigurationPlatforms) = postSolution
		{1F0E34BE-3EF5-437D-B765-259B8EB00F1E}.Debug|Any CPU.ActiveCfg = Debug|Any CPU
		{1F0E34BE-3EF5-437D-B765-259B8EB00F1E}.Debug|Any CPU.Build.0 = Debug|Any CPU
		{1F0E34BE-3EF5-437D-B765-259B8EB00F1E}.Release|Any CPU.ActiveCfg = Release|Any CPU
		{1F0E34BE-3EF5-437D-B765-259B8EB00F1E}.Release|Any CPU.Build.0 = Release|Any CPU
		{E27A1624-9F1F-4450-BB2D-16376B51FB26}.Debug|Any CPU.ActiveCfg = Debug|Any CPU
		{E27A1624-9F1F-4450-BB2D-16376B51FB26}.Debug|Any CPU.Build.0 = Debug|Any CPU
		{E27A1624-9F1F-4450-BB2D-16376B51FB26}.Release|Any CPU.ActiveCfg = Release|Any CPU
		{E27A1624-9F1F-4450-BB2D-16376B51FB26}.Release|Any CPU.Build.0 = Release|Any CPU
	EndGlobalSection
	GlobalSection(SolutionProperties) = preSolution
		HideSolutionNode = FALSE
	EndGlobalSection
	GlobalSection(ExtensibilityGlobals) = postSolution
		SolutionGuid = {65A77E46-311A-4E3A-A600-EC8203F46CE3}
	EndGlobalSection
EndGlobal
