
Microsoft Visual Studio Solution File, Format Version 12.00
# Visual Studio Version 17
VisualStudioVersion = 17.14.36327.8 d17.14
MinimumVisualStudioVersion = 10.0.40219.1
Project("{FAE04EC0-301F-11D3-BF4B-00C04F79EFBC}") = "RegExMatches", "RegExMatches\RegExMatches.csproj", "{FA5DEC5D-DEB9-4E75-A735-45B2A412F747}"
EndProject
Global
	GlobalSection(SolutionConfigurationPlatforms) = preSolution
		Debug|Any CPU = Debug|Any CPU
		Release|Any CPU = Release|Any CPU
	EndGlobalSection
	GlobalSection(ProjectConfigurationPlatforms) = postSolution
		{FA5DEC5D-DEB9-4E75-A735-45B2A412F747}.Debug|Any CPU.ActiveCfg = Debug|Any CPU
		{FA5DEC5D-DEB9-4E75-A735-45B2A412F747}.Debug|Any CPU.Build.0 = Debug|Any CPU
		{FA5DEC5D-DEB9-4E75-A735-45B2A412F747}.Release|Any CPU.ActiveCfg = Release|Any CPU
		{FA5DEC5D-DEB9-4E75-A735-45B2A412F747}.Release|Any CPU.Build.0 = Release|Any CPU
	EndGlobalSection
	GlobalSection(SolutionProperties) = preSolution
		HideSolutionNode = FALSE
	EndGlobalSection
	GlobalSection(ExtensibilityGlobals) = postSolution
		SolutionGuid = {64750C08-E303-47D8-9F28-5963B771A66F}
	EndGlobalSection
EndGlobal
